{
    "name": "buildimage",
    "version": "0.0.3",
    "lockfileVersion": 3,
    "requires": true,
    "packages": {
        "": {
            "name": "buildimage",
            "version": "0.0.2",
            "license": "MPL-2.0",
            "dependencies": {
                "assert-plus": "1.0.0",
                "dashdash": "1.14.1",
                "extsprintf": "1.4.0",
                "uuid": "3.3.2",
                "vasync": "2.2.0"
            }
        },
        "node_modules/assert-plus": {
            "version": "1.0.0",
            "resolved": "https://registry.npmjs.org/assert-plus/-/assert-plus-1.0.0.tgz",
            "integrity": "sha1-8S4PPF13sLHN2RRpQuTpbB5N1SU=",
            "engines": {
                "node": ">=0.8"
            }
        },
        "node_modules/core-util-is": {
            "version": "1.0.2",
            "resolved": "https://registry.npmjs.org/core-util-is/-/core-util-is-1.0.2.tgz",
            "integrity": "sha1-tf1UIgqivFq1eqtxQMlAdUUDwac="
        },
        "node_modules/dashdash": {
            "version": "1.14.1",
            "resolved": "https://registry.npmjs.org/dashdash/-/dashdash-1.14.1.tgz",
            "integrity": "sha1-hTz6D3y+L+1d4gMmuN1YEDX24vA=",
            "dependencies": {
                "assert-plus": "^1.0.0"
            },
            "engines": {
                "node": ">=0.10"
            }
        },
        "node_modules/extsprintf": {
            "version": "1.4.0",
            "resolved": "https://registry.npmjs.org/extsprintf/-/extsprintf-1.4.0.tgz",
            "integrity": "sha1-4mifjzVvrWLMplo6kcXfX5VRaS8=",
            "engines": [
                "node >=0.6.0"
            ]
        },
        "node_modules/uuid": {
            "version": "3.3.2",
            "resolved": "https://registry.npmjs.org/uuid/-/uuid-3.3.2.tgz",
            "integrity": "sha512-yXJmeNaw3DnnKAOKJE51sL/ZaYfWJRl1pK9dr19YFCu0ObS231AB1/LbqTKRAQ5kw8A90rA6fr4riOUpTZvQZA==",
            "deprecated": "Please upgrade  to version 7 or higher.  Older versions may use Math.random() in certain circumstances, which is known to be problematic.  See https://v8.dev/blog/math-random for details.",
            "bin": {
                "uuid": "bin/uuid"
            }
        },
        "node_modules/vasync": {
            "version": "2.2.0",
            "resolved": "https://registry.npmjs.org/vasync/-/vasync-2.2.0.tgz",
            "integrity": "sha1-z951GGChWCLbOxMrxZsRakra8Bs=",
            "engines": [
                "node >=0.6.0"
            ],
            "dependencies": {
                "verror": "1.10.0"
            }
        },
        "node_modules/verror": {
            "version": "1.10.0",
            "resolved": "https://registry.npmjs.org/verror/-/verror-1.10.0.tgz",
            "integrity": "sha1-OhBcoXBTr1XW4nDB+CiGguGNpAA=",
            "engines": [
                "node >=0.6.0"
            ],
            "dependencies": {
                "assert-plus": "^1.0.0",
                "core-util-is": "1.0.2",
                "extsprintf": "^1.2.0"
            }
        }
    }
}
