{
    "name": "buildimage",
    "version": "0.0.2",
    "lockfileVersion": 1,
    "requires": true,
    "dependencies": {
        "assert-plus": {
            "version": "1.0.0",
            "resolved": "https://registry.npmjs.org/assert-plus/-/assert-plus-1.0.0.tgz",
            "integrity": "sha1-8S4PPF13sLHN2RRpQuTpbB5N1SU="
        },
        "core-util-is": {
            "version": "1.0.2",
            "resolved": "https://registry.npmjs.org/core-util-is/-/core-util-is-1.0.2.tgz",
            "integrity": "sha1-tf1UIgqivFq1eqtxQMlAdUUDwac="
        },
        "dashdash": {
            "version": "1.14.1",
            "resolved": "https://registry.npmjs.org/dashdash/-/dashdash-1.14.1.tgz",
            "integrity": "sha1-hTz6D3y+L+1d4gMmuN1YEDX24vA=",
            "requires": {
                "assert-plus": "^1.0.0"
            }
        },
        "extsprintf": {
            "version": "1.4.0",
            "resolved": "https://registry.npmjs.org/extsprintf/-/extsprintf-1.4.0.tgz",
            "integrity": "sha1-4mifjzVvrWLMplo6kcXfX5VRaS8="
        },
        "fs-ext": {
            "version": "git://github.com/joyent/node-fs-ext.git#d2c241f230a8b8362997523e42fa5f135202eebb",
            "from": "git://github.com/joyent/node-fs-ext.git#node-0.10",
            "requires": {
                "nan": "^2.14.0"
            }
        },
        "nan": {
            "version": "2.14.1",
            "resolved": "https://registry.npmjs.org/nan/-/nan-2.14.1.tgz",
            "integrity": "sha512-isWHgVjnFjh2x2yuJ/tj3JbwoHu3UC2dX5G/88Cm24yB6YopVgxvBObDY7n5xW6ExmFhJpSEQqFPvq9zaXc8Jw=="
        },
        "qlocker": {
            "version": "git+https://github.com/joyent/node-qlocker.git#1413d3a8d8c6015852e031019df88abd9edd16d8",
            "from": "git+https://github.com/joyent/node-qlocker.git#1413d3a8d8c6015852e031019df88abd9edd16d8",
            "requires": {
                "fs-ext": "git://github.com/joyent/node-fs-ext.git#node-0.10"
            }
        },
        "uuid": {
            "version": "3.3.2",
            "resolved": "https://registry.npmjs.org/uuid/-/uuid-3.3.2.tgz",
            "integrity": "sha512-yXJmeNaw3DnnKAOKJE51sL/ZaYfWJRl1pK9dr19YFCu0ObS231AB1/LbqTKRAQ5kw8A90rA6fr4riOUpTZvQZA=="
        },
        "vasync": {
            "version": "2.2.0",
            "resolved": "https://registry.npmjs.org/vasync/-/vasync-2.2.0.tgz",
            "integrity": "sha1-z951GGChWCLbOxMrxZsRakra8Bs=",
            "requires": {
                "verror": "1.10.0"
            }
        },
        "verror": {
            "version": "1.10.0",
            "resolved": "https://registry.npmjs.org/verror/-/verror-1.10.0.tgz",
            "integrity": "sha1-OhBcoXBTr1XW4nDB+CiGguGNpAA=",
            "requires": {
                "assert-plus": "^1.0.0",
                "core-util-is": "1.0.2",
                "extsprintf": "^1.2.0"
            }
        }
    }
}
